{
  "version": 4,
  "terraform_version": "1.2.3",
  "serial": 29,
  "lineage": "317cfc82-25ed-4c12-48d1-55fbb4aa63a3",
  "outputs": {},
  "resources": [
    {
      "mode": "managed",
      "type": "azurerm_linux_virtual_machine",
      "name": "arnab-azure-vm",
      "provider": "provider[\"registry.terraform.io/hashicorp/azurerm\"]",
      "instances": [
        {
          "schema_version": 0,
          "attributes": {
            "additional_capabilities": [],
            "admin_password": null,
            "admin_ssh_key": [
              {
                "public_key": "ssh-rsa AAAAB3NzaC1yc2EAAAADAQABAAABgQCuEkI9VReHmRfNYBkqhplM31Srwzwv9Xke2+GTaDBYJHiAOOVeolvSlGrHtDUnhLDOAaGtLagetG90M8aWVj8naETvmD/bGvc8sNCiBz2/AxzDvmpZyrtPZnDYWo6SPJrizPzMiP7+sq+3CH4qUby7l8erT/AazU1FbXbfQoIGwf0E4TwOakNaPEDE82SZKMiLcrUthqS7mJCkYh0pSPL9VcrBVsPX6/SfOB6DTK2M2xKqEwPaHrSRAsUTan0e4yfnGvy2xOjMWA0+5pqUywC2bmzYtL0TlXwqTsgRhtCmwRVZaWiqPDg95He4aXEO3afSMUteD68LtAlkWok4oSRPYS76HXzSW/nmv8gMF5EaoVOTQfMIQL7Qg80OZnnetJSyVjd3tgLpSF/X3X71Ot1mYiV8AbpISdqOPqypSKOQmrjdb/9Akjr14MIPtjlXPHcaw00Jyun/rSlq/Ar7ViXBzVPuueYO9C4Ze9p319n+Z4MrODZp0z70caKLK5aw078= arnab@Arnab\r\n",
                "username": "adminuser"
              }
            ],
            "admin_username": "adminuser",
            "allow_extension_operations": true,
            "availability_set_id": "",
            "boot_diagnostics": [],
            "computer_name": "arnab-azure-vm",
            "custom_data": "IyEvYmluL2Jhc2gNCnN1ZG8gYXB0LWdldCB1cGRhdGUgLXkgJiYNCnN1ZG8gYXB0LWdldCBpbnN0YWxsIC15IFwNCmFwdC10cmFuc3BvcnQtaHR0cHMgXA0KY2EtY2VydGlmaWNhdGVzIFwNCmN1cmwgXA0KZ251cGctYWdlbnQgXA0Kc29mdHdhcmUtcHJvcGVydGllcy1jb21tb24gJiYNCmN1cmwgLWZzU0wgaHR0cHM6Ly9kb3dubG9hZC5kb2NrZXIuY29tL2xpbnV4L3VidW50dS9ncGcgfCBzdWRvIGFwdC1rZXkgYWRkIC0gJiYNCnN1ZG8gYWRkLWFwdC1yZXBvc2l0b3J5ICJkZWIgW2FyY2g9YW1kNjRdIGh0dHBzOi8vZG93bmxvYWQuZG9ja2VyLmNvbS9saW51eC91YnVudHUgJChsc2JfcmVsZWFzZSAtY3MpIHN0YWJsZSIgJiYNCnN1ZG8gYXB0LWdldCB1cGRhdGUgLXkgJiYNCnN1ZG8gc3VkbyBhcHQtZ2V0IGluc3RhbGwgZG9ja2VyLWNlIGRvY2tlci1jZS1jbGkgY29udGFpbmVyZC5pbyAteSAmJg0Kc3VkbyB1c2VybW9kIC1hRyBkb2NrZXIgdWJ1bnR1",
            "dedicated_host_group_id": "",
            "dedicated_host_id": "",
            "disable_password_authentication": true,
            "edge_zone": "",
            "encryption_at_host_enabled": false,
            "eviction_policy": "",
            "extensions_time_budget": "PT1H30M",
            "id": "/subscriptions/a7f71ad2-5a23-4abe-b4fb-0b25f7b6f954/resourceGroups/arnabrg/providers/Microsoft.Compute/virtualMachines/arnab-azure-vm",
            "identity": [],
            "license_type": "",
            "location": "westeurope",
            "max_bid_price": -1,
            "name": "arnab-azure-vm",
            "network_interface_ids": [
              "/subscriptions/a7f71ad2-5a23-4abe-b4fb-0b25f7b6f954/resourceGroups/arnabrg/providers/Microsoft.Network/networkInterfaces/arnab-network-interface"
            ],
            "os_disk": [
              {
                "caching": "ReadWrite",
                "diff_disk_settings": [],
                "disk_encryption_set_id": "",
                "disk_size_gb": 30,
                "name": "arnab-azure-vm_OsDisk_1_5580fda2fbc7488b9ef3b9ad74e43419",
                "storage_account_type": "Standard_LRS",
                "write_accelerator_enabled": false
              }
            ],
            "patch_mode": "ImageDefault",
            "plan": [],
            "platform_fault_domain": -1,
            "priority": "Regular",
            "private_ip_address": "10.123.1.4",
            "private_ip_addresses": [
              "10.123.1.4"
            ],
            "provision_vm_agent": true,
            "proximity_placement_group_id": "",
            "public_ip_address": "23.97.252.36",
            "public_ip_addresses": [
              "23.97.252.36"
            ],
            "resource_group_name": "arnabrg",
            "secret": [],
            "secure_boot_enabled": false,
            "size": "Standard_F2",
            "source_image_id": "",
            "source_image_reference": [
              {
                "offer": "UbuntuServer",
                "publisher": "Canonical",
                "sku": "16.04-LTS",
                "version": "latest"
              }
            ],
            "tags": {
              "environment": "dev"
            },
            "termination_notification": null,
            "timeouts": null,
            "user_data": "",
            "virtual_machine_id": "930f45de-2ca0-481a-b704-626a1e76a040",
            "virtual_machine_scale_set_id": "",
            "vtpm_enabled": false,
            "zone": ""
          },
          "sensitive_attributes": [],
          "private": "eyJlMmJmYjczMC1lY2FhLTExZTYtOGY4OC0zNDM2M2JjN2M0YzAiOnsiY3JlYXRlIjoyNzAwMDAwMDAwMDAwLCJkZWxldGUiOjI3MDAwMDAwMDAwMDAsInJlYWQiOjMwMDAwMDAwMDAwMCwidXBkYXRlIjoyNzAwMDAwMDAwMDAwfX0=",
          "dependencies": [
            "azurerm_network_interface.arnab-nic",
            "azurerm_resource_group.arnabrg"
          ]
        }
      ]
    },
    {
      "mode": "managed",
      "type": "azurerm_network_interface",
      "name": "arnab-nic",
      "provider": "provider[\"registry.terraform.io/hashicorp/azurerm\"]",
      "instances": [
        {
          "schema_version": 0,
          "attributes": {
            "applied_dns_servers": [],
            "dns_servers": [],
            "edge_zone": "",
            "enable_accelerated_networking": false,
            "enable_ip_forwarding": false,
            "id": "/subscriptions/a7f71ad2-5a23-4abe-b4fb-0b25f7b6f954/resourceGroups/arnabrg/providers/Microsoft.Network/networkInterfaces/arnab-network-interface",
            "internal_dns_name_label": "",
            "internal_domain_name_suffix": "cdgvauyrpoxeldr54v4vx30dze.ax.internal.cloudapp.net",
            "ip_configuration": [
              {
                "gateway_load_balancer_frontend_ip_configuration_id": "",
                "name": "internal",
                "primary": true,
                "private_ip_address": "10.123.1.4",
                "private_ip_address_allocation": "Dynamic",
                "private_ip_address_version": "IPv4",
                "public_ip_address_id": "/subscriptions/a7f71ad2-5a23-4abe-b4fb-0b25f7b6f954/resourceGroups/arnabrg/providers/Microsoft.Network/publicIPAddresses/arnab-public-ip",
                "subnet_id": "/subscriptions/a7f71ad2-5a23-4abe-b4fb-0b25f7b6f954/resourceGroups/arnabrg/providers/Microsoft.Network/virtualNetworks/arnabvn/subnets/arnab-subnet"
              }
            ],
            "location": "westeurope",
            "mac_address": "00-22-48-8A-9E-45",
            "name": "arnab-network-interface",
            "private_ip_address": "10.123.1.4",
            "private_ip_addresses": [
              "10.123.1.4"
            ],
            "resource_group_name": "arnabrg",
            "tags": {
              "environment": "dev"
            },
            "timeouts": null,
            "virtual_machine_id": "/subscriptions/a7f71ad2-5a23-4abe-b4fb-0b25f7b6f954/resourceGroups/arnabrg/providers/Microsoft.Compute/virtualMachines/arnab-azure-vm"
          },
          "sensitive_attributes": [],
          "private": "eyJlMmJmYjczMC1lY2FhLTExZTYtOGY4OC0zNDM2M2JjN2M0YzAiOnsiY3JlYXRlIjoxODAwMDAwMDAwMDAwLCJkZWxldGUiOjE4MDAwMDAwMDAwMDAsInJlYWQiOjMwMDAwMDAwMDAwMCwidXBkYXRlIjoxODAwMDAwMDAwMDAwfX0=",
          "dependencies": [
            "azurerm_public_ip.public_ip",
            "azurerm_resource_group.arnabrg",
            "azurerm_subnet.arnab-snet",
            "azurerm_virtual_network.arnab-vn"
          ]
        }
      ]
    },
    {
      "mode": "managed",
      "type": "azurerm_network_security_group",
      "name": "arnab-nsg",
      "provider": "provider[\"registry.terraform.io/hashicorp/azurerm\"]",
      "instances": [
        {
          "schema_version": 0,
          "attributes": {
            "id": "/subscriptions/a7f71ad2-5a23-4abe-b4fb-0b25f7b6f954/resourceGroups/arnabrg/providers/Microsoft.Network/networkSecurityGroups/arnab-netsg",
            "location": "westeurope",
            "name": "arnab-netsg",
            "resource_group_name": "arnabrg",
            "security_rule": [
              {
                "access": "Allow",
                "description": "",
                "destination_address_prefix": "*",
                "destination_address_prefixes": [],
                "destination_application_security_group_ids": [],
                "destination_port_range": "*",
                "destination_port_ranges": [],
                "direction": "Outbound",
                "name": "arnab-security-rule",
                "priority": 100,
                "protocol": "Tcp",
                "source_address_prefix": "*",
                "source_address_prefixes": [],
                "source_application_security_group_ids": [],
                "source_port_range": "*",
                "source_port_ranges": []
              },
              {
                "access": "Allow",
                "description": "",
                "destination_address_prefix": "*",
                "destination_address_prefixes": [],
                "destination_application_security_group_ids": [],
                "destination_port_range": "22",
                "destination_port_ranges": [],
                "direction": "Inbound",
                "name": "AllowAnyCustom22Inbound",
                "priority": 100,
                "protocol": "TCP",
                "source_address_prefix": "*",
                "source_address_prefixes": [],
                "source_application_security_group_ids": [],
                "source_port_range": "*",
                "source_port_ranges": []
              }
            ],
            "tags": {
              "environment": "dev"
            },
            "timeouts": null
          },
          "sensitive_attributes": [],
          "private": "eyJlMmJmYjczMC1lY2FhLTExZTYtOGY4OC0zNDM2M2JjN2M0YzAiOnsiY3JlYXRlIjoxODAwMDAwMDAwMDAwLCJkZWxldGUiOjE4MDAwMDAwMDAwMDAsInJlYWQiOjMwMDAwMDAwMDAwMCwidXBkYXRlIjoxODAwMDAwMDAwMDAwfX0=",
          "dependencies": [
            "azurerm_resource_group.arnabrg"
          ]
        }
      ]
    },
    {
      "mode": "managed",
      "type": "azurerm_network_security_rule",
      "name": "arnab-srule",
      "provider": "provider[\"registry.terraform.io/hashicorp/azurerm\"]",
      "instances": [
        {
          "schema_version": 0,
          "attributes": {
            "access": "Allow",
            "description": "",
            "destination_address_prefix": "*",
            "destination_address_prefixes": [],
            "destination_application_security_group_ids": [],
            "destination_port_range": "*",
            "destination_port_ranges": [],
            "direction": "Outbound",
            "id": "/subscriptions/a7f71ad2-5a23-4abe-b4fb-0b25f7b6f954/resourceGroups/arnabrg/providers/Microsoft.Network/networkSecurityGroups/arnab-netsg/securityRules/arnab-security-rule",
            "name": "arnab-security-rule",
            "network_security_group_name": "arnab-netsg",
            "priority": 100,
            "protocol": "Tcp",
            "resource_group_name": "arnabrg",
            "source_address_prefix": "*",
            "source_address_prefixes": [],
            "source_application_security_group_ids": [],
            "source_port_range": "*",
            "source_port_ranges": [],
            "timeouts": null
          },
          "sensitive_attributes": [],
          "private": "eyJlMmJmYjczMC1lY2FhLTExZTYtOGY4OC0zNDM2M2JjN2M0YzAiOnsiY3JlYXRlIjoxODAwMDAwMDAwMDAwLCJkZWxldGUiOjE4MDAwMDAwMDAwMDAsInJlYWQiOjMwMDAwMDAwMDAwMCwidXBkYXRlIjoxODAwMDAwMDAwMDAwfX0=",
          "dependencies": [
            "azurerm_network_security_group.arnab-nsg",
            "azurerm_resource_group.arnabrg"
          ]
        }
      ]
    },
    {
      "mode": "managed",
      "type": "azurerm_public_ip",
      "name": "public_ip",
      "provider": "provider[\"registry.terraform.io/hashicorp/azurerm\"]",
      "instances": [
        {
          "schema_version": 0,
          "attributes": {
            "allocation_method": "Dynamic",
            "domain_name_label": null,
            "edge_zone": "",
            "fqdn": null,
            "id": "/subscriptions/a7f71ad2-5a23-4abe-b4fb-0b25f7b6f954/resourceGroups/arnabrg/providers/Microsoft.Network/publicIPAddresses/arnab-public-ip",
            "idle_timeout_in_minutes": 4,
            "ip_address": "104.47.136.232",
            "ip_tags": {},
            "ip_version": "IPv4",
            "location": "westeurope",
            "name": "arnab-public-ip",
            "public_ip_prefix_id": null,
            "resource_group_name": "arnabrg",
            "reverse_fqdn": null,
            "sku": "Basic",
            "sku_tier": "Regional",
            "tags": {
              "environment": "dev"
            },
            "timeouts": null,
            "zones": []
          },
          "sensitive_attributes": [],
          "private": "eyJlMmJmYjczMC1lY2FhLTExZTYtOGY4OC0zNDM2M2JjN2M0YzAiOnsiY3JlYXRlIjoxODAwMDAwMDAwMDAwLCJkZWxldGUiOjE4MDAwMDAwMDAwMDAsInJlYWQiOjMwMDAwMDAwMDAwMCwidXBkYXRlIjoxODAwMDAwMDAwMDAwfX0=",
          "dependencies": [
            "azurerm_resource_group.arnabrg"
          ]
        }
      ]
    },
    {
      "mode": "managed",
      "type": "azurerm_resource_group",
      "name": "arnabrg",
      "provider": "provider[\"registry.terraform.io/hashicorp/azurerm\"]",
      "instances": [
        {
          "schema_version": 0,
          "attributes": {
            "id": "/subscriptions/a7f71ad2-5a23-4abe-b4fb-0b25f7b6f954/resourceGroups/arnabrg",
            "location": "westeurope",
            "name": "arnabrg",
            "tags": {
              "environment": "dev"
            },
            "timeouts": null
          },
          "sensitive_attributes": [],
          "private": "eyJlMmJmYjczMC1lY2FhLTExZTYtOGY4OC0zNDM2M2JjN2M0YzAiOnsiY3JlYXRlIjo1NDAwMDAwMDAwMDAwLCJkZWxldGUiOjU0MDAwMDAwMDAwMDAsInJlYWQiOjMwMDAwMDAwMDAwMCwidXBkYXRlIjo1NDAwMDAwMDAwMDAwfX0="
        }
      ]
    },
    {
      "mode": "managed",
      "type": "azurerm_subnet",
      "name": "arnab-snet",
      "provider": "provider[\"registry.terraform.io/hashicorp/azurerm\"]",
      "instances": [
        {
          "schema_version": 0,
          "attributes": {
            "address_prefixes": [
              "10.123.1.0/24"
            ],
            "delegation": [],
            "enforce_private_link_endpoint_network_policies": false,
            "enforce_private_link_service_network_policies": false,
            "id": "/subscriptions/a7f71ad2-5a23-4abe-b4fb-0b25f7b6f954/resourceGroups/arnabrg/providers/Microsoft.Network/virtualNetworks/arnabvn/subnets/arnab-subnet",
            "name": "arnab-subnet",
            "resource_group_name": "arnabrg",
            "service_endpoint_policy_ids": [],
            "service_endpoints": [],
            "timeouts": null,
            "virtual_network_name": "arnabvn"
          },
          "sensitive_attributes": [],
          "private": "eyJlMmJmYjczMC1lY2FhLTExZTYtOGY4OC0zNDM2M2JjN2M0YzAiOnsiY3JlYXRlIjoxODAwMDAwMDAwMDAwLCJkZWxldGUiOjE4MDAwMDAwMDAwMDAsInJlYWQiOjMwMDAwMDAwMDAwMCwidXBkYXRlIjoxODAwMDAwMDAwMDAwfX0=",
          "dependencies": [
            "azurerm_resource_group.arnabrg",
            "azurerm_virtual_network.arnab-vn"
          ]
        }
      ]
    },
    {
      "mode": "managed",
      "type": "azurerm_subnet_network_security_group_association",
      "name": "arnab-nsg-assosiation",
      "provider": "provider[\"registry.terraform.io/hashicorp/azurerm\"]",
      "instances": [
        {
          "schema_version": 0,
          "attributes": {
            "id": "/subscriptions/a7f71ad2-5a23-4abe-b4fb-0b25f7b6f954/resourceGroups/arnabrg/providers/Microsoft.Network/virtualNetworks/arnabvn/subnets/arnab-subnet",
            "network_security_group_id": "/subscriptions/a7f71ad2-5a23-4abe-b4fb-0b25f7b6f954/resourceGroups/arnabrg/providers/Microsoft.Network/networkSecurityGroups/arnab-netsg",
            "subnet_id": "/subscriptions/a7f71ad2-5a23-4abe-b4fb-0b25f7b6f954/resourceGroups/arnabrg/providers/Microsoft.Network/virtualNetworks/arnabvn/subnets/arnab-subnet",
            "timeouts": null
          },
          "sensitive_attributes": [],
          "private": "eyJlMmJmYjczMC1lY2FhLTExZTYtOGY4OC0zNDM2M2JjN2M0YzAiOnsiY3JlYXRlIjoxODAwMDAwMDAwMDAwLCJkZWxldGUiOjE4MDAwMDAwMDAwMDAsInJlYWQiOjMwMDAwMDAwMDAwMCwidXBkYXRlIjoxODAwMDAwMDAwMDAwfX0=",
          "dependencies": [
            "azurerm_network_security_group.arnab-nsg",
            "azurerm_resource_group.arnabrg",
            "azurerm_subnet.arnab-snet",
            "azurerm_virtual_network.arnab-vn"
          ]
        }
      ]
    },
    {
      "mode": "managed",
      "type": "azurerm_virtual_network",
      "name": "arnab-vn",
      "provider": "provider[\"registry.terraform.io/hashicorp/azurerm\"]",
      "instances": [
        {
          "schema_version": 0,
          "attributes": {
            "address_space": [
              "10.123.0.0/16"
            ],
            "bgp_community": "",
            "ddos_protection_plan": [],
            "dns_servers": [],
            "edge_zone": "",
            "flow_timeout_in_minutes": 0,
            "guid": "5350cd10-7b11-45ae-8e3f-f57d5bf743cc",
            "id": "/subscriptions/a7f71ad2-5a23-4abe-b4fb-0b25f7b6f954/resourceGroups/arnabrg/providers/Microsoft.Network/virtualNetworks/arnabvn",
            "location": "westeurope",
            "name": "arnabvn",
            "resource_group_name": "arnabrg",
            "subnet": [
              {
                "address_prefix": "10.123.1.0/24",
                "id": "/subscriptions/a7f71ad2-5a23-4abe-b4fb-0b25f7b6f954/resourceGroups/arnabrg/providers/Microsoft.Network/virtualNetworks/arnabvn/subnets/arnab-subnet",
                "name": "arnab-subnet",
                "security_group": "/subscriptions/a7f71ad2-5a23-4abe-b4fb-0b25f7b6f954/resourceGroups/arnabrg/providers/Microsoft.Network/networkSecurityGroups/arnab-netsg"
              }
            ],
            "tags": {
              "environment": "dev"
            },
            "timeouts": null
          },
          "sensitive_attributes": [],
          "private": "eyJlMmJmYjczMC1lY2FhLTExZTYtOGY4OC0zNDM2M2JjN2M0YzAiOnsiY3JlYXRlIjoxODAwMDAwMDAwMDAwLCJkZWxldGUiOjE4MDAwMDAwMDAwMDAsInJlYWQiOjMwMDAwMDAwMDAwMCwidXBkYXRlIjoxODAwMDAwMDAwMDAwfX0=",
          "dependencies": [
            "azurerm_resource_group.arnabrg"
          ]
        }
      ]
    }
  ]
}
